
Microsoft Visual Studio Solution File, Format Version 12.00
# Visual Studio Version 16
VisualStudioVersion = 16.0.30621.155
MinimumVisualStudioVersion = 10.0.40219.1
Project("{9A19103F-16F7-4668-BE54-9A1E7A4F7556}") = "GameCentral", "GameCentral\GameCentral.csproj", "{8642FED2-49BA-4EFB-8ACA-357D11634E5E}"
EndProject
Project("{9A19103F-16F7-4668-BE54-9A1E7A4F7556}") = "GameCentral.Shared", "GameCentral.Shared\GameCentral.Shared.csproj", "{BD0347D1-7CF5-4050-834D-B99872BC2FB1}"
EndProject
Project("{9A19103F-16F7-4668-BE54-9A1E7A4F7556}") = "GameCentral.API", "GameCentral.API\GameCentral.API.csproj", "{86F9D731-7578-413E-9198-2F8B23761021}"
EndProject
Project("{FAE04EC0-301F-11D3-BF4B-00C04F79EFBC}") = "KafkaProducerLine", "KafkaProducerLine\KafkaProducerLine.csproj", "{30EEDADE-ADD9-4BEB-8263-5C8B267E988E}"
EndProject
Project("{FAE04EC0-301F-11D3-BF4B-00C04F79EFBC}") = "KafkaConsumerLine", "KafkaConsumerLine\KafkaConsumerLine.csproj", "{C9979039-9EBF-416F-A59E-727AF8D9EA63}"
EndProject
Project("{FAE04EC0-301F-11D3-BF4B-00C04F79EFBC}") = "GameCentral.DatabaseService", "GameCentral.DatabaseService\GameCentral.DatabaseService.csproj", "{E1735D47-9153-4FA8-A58F-B439EC23B67C}"
EndProject
Global
	GlobalSection(SolutionConfigurationPlatforms) = preSolution
		Debug|Any CPU = Debug|Any CPU
		Release|Any CPU = Release|Any CPU
	EndGlobalSection
	GlobalSection(ProjectConfigurationPlatforms) = postSolution
		{8642FED2-49BA-4EFB-8ACA-357D11634E5E}.Debug|Any CPU.ActiveCfg = Debug|Any CPU
		{8642FED2-49BA-4EFB-8ACA-357D11634E5E}.Debug|Any CPU.Build.0 = Debug|Any CPU
		{8642FED2-49BA-4EFB-8ACA-357D11634E5E}.Release|Any CPU.ActiveCfg = Release|Any CPU
		{8642FED2-49BA-4EFB-8ACA-357D11634E5E}.Release|Any CPU.Build.0 = Release|Any CPU
		{BD0347D1-7CF5-4050-834D-B99872BC2FB1}.Debug|Any CPU.ActiveCfg = Debug|Any CPU
		{BD0347D1-7CF5-4050-834D-B99872BC2FB1}.Debug|Any CPU.Build.0 = Debug|Any CPU
		{BD0347D1-7CF5-4050-834D-B99872BC2FB1}.Release|Any CPU.ActiveCfg = Release|Any CPU
		{BD0347D1-7CF5-4050-834D-B99872BC2FB1}.Release|Any CPU.Build.0 = Release|Any CPU
		{86F9D731-7578-413E-9198-2F8B23761021}.Debug|Any CPU.ActiveCfg = Debug|Any CPU
		{86F9D731-7578-413E-9198-2F8B23761021}.Debug|Any CPU.Build.0 = Debug|Any CPU
		{86F9D731-7578-413E-9198-2F8B23761021}.Release|Any CPU.ActiveCfg = Release|Any CPU
		{86F9D731-7578-413E-9198-2F8B23761021}.Release|Any CPU.Build.0 = Release|Any CPU
		{30EEDADE-ADD9-4BEB-8263-5C8B267E988E}.Debug|Any CPU.ActiveCfg = Debug|Any CPU
		{30EEDADE-ADD9-4BEB-8263-5C8B267E988E}.Debug|Any CPU.Build.0 = Debug|Any CPU
		{30EEDADE-ADD9-4BEB-8263-5C8B267E988E}.Release|Any CPU.ActiveCfg = Release|Any CPU
		{30EEDADE-ADD9-4BEB-8263-5C8B267E988E}.Release|Any CPU.Build.0 = Release|Any CPU
		{C9979039-9EBF-416F-A59E-727AF8D9EA63}.Debug|Any CPU.ActiveCfg = Debug|Any CPU
		{C9979039-9EBF-416F-A59E-727AF8D9EA63}.Debug|Any CPU.Build.0 = Debug|Any CPU
		{C9979039-9EBF-416F-A59E-727AF8D9EA63}.Release|Any CPU.ActiveCfg = Release|Any CPU
		{C9979039-9EBF-416F-A59E-727AF8D9EA63}.Release|Any CPU.Build.0 = Release|Any CPU
		{E1735D47-9153-4FA8-A58F-B439EC23B67C}.Debug|Any CPU.ActiveCfg = Debug|Any CPU
		{E1735D47-9153-4FA8-A58F-B439EC23B67C}.Debug|Any CPU.Build.0 = Debug|Any CPU
		{E1735D47-9153-4FA8-A58F-B439EC23B67C}.Release|Any CPU.ActiveCfg = Release|Any CPU
		{E1735D47-9153-4FA8-A58F-B439EC23B67C}.Release|Any CPU.Build.0 = Release|Any CPU
	EndGlobalSection
	GlobalSection(SolutionProperties) = preSolution
		HideSolutionNode = FALSE
	EndGlobalSection
	GlobalSection(ExtensibilityGlobals) = postSolution
		RESX_AutoCreateNewLanguageFiles = True
		SolutionGuid = {F922DE88-3245-439F-BBD4-B87AA777540E}
	EndGlobalSection
EndGlobal
